
Microsoft Visual Studio Solution File, Format Version 12.00
# Visual Studio Version 17
VisualStudioVersion = 17.1.32210.238
MinimumVisualStudioVersion = 10.0.40219.1
Project("{FAE04EC0-301F-11D3-BF4B-00C04F79EFBC}") = "CaseStudy", "CaseStudy\CaseStudy.csproj", "{C1AEBA16-7B4B-4D4C-9DC0-35C0E80A34D3}"
EndProject
Global
	GlobalSection(SolutionConfigurationPlatforms) = preSolution
		Debug|Any CPU = Debug|Any CPU
		Release|Any CPU = Release|Any CPU
	EndGlobalSection
	GlobalSection(ProjectConfigurationPlatforms) = postSolution
		{C1AEBA16-7B4B-4D4C-9DC0-35C0E80A34D3}.Debug|Any CPU.ActiveCfg = Debug|Any CPU
		{C1AEBA16-7B4B-4D4C-9DC0-35C0E80A34D3}.Debug|Any CPU.Build.0 = Debug|Any CPU
		{C1AEBA16-7B4B-4D4C-9DC0-35C0E80A34D3}.Release|Any CPU.ActiveCfg = Release|Any CPU
		{C1AEBA16-7B4B-4D4C-9DC0-35C0E80A34D3}.Release|Any CPU.Build.0 = Release|Any CPU
	EndGlobalSection
	GlobalSection(SolutionProperties) = preSolution
		HideSolutionNode = FALSE
	EndGlobalSection
	GlobalSection(ExtensibilityGlobals) = postSolution
		SolutionGuid = {53E9CCC3-EC0A-4C7C-B7CF-B3AC57ACE25E}
	EndGlobalSection
EndGlobal
